// !$*UTF8*$!
{
	archiveVersion = 1;
	classes = {
	};
	objectVersion = 46;
	objects = {

/* Begin PBXBuildFile section */
		C0A9285C1D3B80740092C810 /* main.m in Sources */ = {isa = PBXBuildFile; fileRef = C0A9285B1D3B80740092C810 /* main.m */; };
		C0A9285F1D3B80740092C810 /* AppDelegate.m in Sources */ = {isa = PBXBuildFile; fileRef = C0A9285E1D3B80740092C810 /* AppDelegate.m */; };
		C0A928621D3B80740092C810 /* ViewController.m in Sources */ = {isa = PBXBuildFile; fileRef = C0A928611D3B80740092C810 /* ViewController.m */; };
		C0A928651D3B80740092C810 /* Main.storyboard in Resources */ = {isa = PBXBuildFile; fileRef = C0A928631D3B80740092C810 /* Main.storyboard */; };
		C0A928671D3B80740092C810 /* Assets.xcassets in Resources */ = {isa = PBXBuildFile; fileRef = C0A928661D3B80740092C810 /* Assets.xcassets */; };
		C0A9286A1D3B80740092C810 /* LaunchScreen.storyboard in Resources */ = {isa = PBXBuildFile; fileRef = C0A928681D3B80740092C810 /* LaunchScreen.storyboard */; };
		C0A928751D3B80740092C810 /* doumiaoTests.m in Sources */ = {isa = PBXBuildFile; fileRef = C0A928741D3B80740092C810 /* doumiaoTests.m */; };
		C0A928801D3B80740092C810 /* doumiaoUITests.m in Sources */ = {isa = PBXBuildFile; fileRef = C0A9287F1D3B80740092C810 /* doumiaoUITests.m */; };
/* End PBXBuildFile section */

/* Begin PBXContainerItemProxy section */
		C0A928711D3B80740092C810 /* PBXContainerItemProxy */ = {
			isa = PBXContainerItemProxy;
			containerPortal = C0A9284F1D3B80740092C810 /* Project object */;
			proxyType = 1;
			remoteGlobalIDString = C0A928561D3B80740092C810;
			remoteInfo = doumiao;
		};
		C0A9287C1D3B80740092C810 /* PBXContainerItemProxy */ = {
			isa = PBXContainerItemProxy;
			containerPortal = C0A9284F1D3B80740092C810 /* Project object */;
			proxyType = 1;
			remoteGlobalIDString = C0A928561D3B80740092C810;
			remoteInfo = doumiao;
		};
/* End PBXContainerItemProxy section */

/* Begin PBXFileReference section */
		C0A928571D3B80740092C810 /* doumiao.app */ = {isa = PBXFileReference; explicitFileType = wrapper.application; includeInIndex = 0; path = doumiao.app; sourceTree = BUILT_PRODUCTS_DIR; };
		C0A9285B1D3B80740092C810 /* main.m */ = {isa = PBXFileReference; lastKnownFileType = sourcecode.c.objc; path = main.m; sourceTree = "<group>"; };
		C0A9285D1D3B80740092C810 /* AppDelegate.h */ = {isa = PBXFileReference; lastKnownFileType = sourcecode.c.h; path = AppDelegate.h; sourceTree = "<group>"; };
		C0A9285E1D3B80740092C810 /* AppDelegate.m */ = {isa = PBXFileReference; lastKnownFileType = sourcecode.c.objc; path = AppDelegate.m; sourceTree = "<group>"; };
		C0A928601D3B80740092C810 /* ViewController.h */ = {isa = PBXFileReference; lastKnownFileType = sourcecode.c.h; path = ViewController.h; sourceTree = "<group>"; };
		C0A928611D3B80740092C810 /* ViewController.m */ = {isa = PBXFileReference; lastKnownFileType = sourcecode.c.objc; path = ViewController.m; sourceTree = "<group>"; };
		C0A928641D3B80740092C810 /* Base */ = {isa = PBXFileReference; lastKnownFileType = file.storyboard; name = Base; path = Base.lproj/Main.storyboard; sourceTree = "<group>"; };
		C0A928661D3B80740092C810 /* Assets.xcassets */ = {isa = PBXFileReference; lastKnownFileType = folder.assetcatalog; path = Assets.xcassets; sourceTree = "<group>"; };
		C0A928691D3B80740092C810 /* Base */ = {isa = PBXFileReference; lastKnownFileType = file.storyboard; name = Base; path = Base.lproj/LaunchScreen.storyboard; sourceTree = "<group>"; };
		C0A9286B1D3B80740092C810 /* Info.plist */ = {isa = PBXFileReference; lastKnownFileType = text.plist.xml; path = Info.plist; sourceTree = "<group>"; };
		C0A928701D3B80740092C810 /* doumiaoTests.xctest */ = {isa = PBXFileReference; explicitFileType = wrapper.cfbundle; includeInIndex = 0; path = doumiaoTests.xctest; sourceTree = BUILT_PRODUCTS_DIR; };
		C0A928741D3B80740092C810 /* doumiaoTests.m */ = {isa = PBXFileReference; lastKnownFileType = sourcecode.c.objc; path = doumiaoTests.m; sourceTree = "<group>"; };
		C0A928761D3B80740092C810 /* Info.plist */ = {isa = PBXFileReference; lastKnownFileType = text.plist.xml; path = Info.plist; sourceTree = "<group>"; };
		C0A9287B1D3B80740092C810 /* doumiaoUITests.xctest */ = {isa = PBXFileReference; explicitFileType = wrapper.cfbundle; includeInIndex = 0; path = doumiaoUITests.xctest; sourceTree = BUILT_PRODUCTS_DIR; };
		C0A9287F1D3B80740092C810 /* doumiaoUITests.m */ = {isa = PBXFileReference; lastKnownFileType = sourcecode.c.objc; path = doumiaoUITests.m; sourceTree = "<group>"; };
		C0A928811D3B80740092C810 /* Info.plist */ = {isa = PBXFileReference; lastKnownFileType = text.plist.xml; path = Info.plist; sourceTree = "<group>"; };
/* End PBXFileReference section */

/* Begin PBXFrameworksBuildPhase section */
		C0A928541D3B80740092C810 /* Frameworks */ = {
			isa = PBXFrameworksBuildPhase;
			buildActionMask = 2147483647;
			files = (
			);
			runOnlyForDeploymentPostprocessing = 0;
		};
		C0A9286D1D3B80740092C810 /* Frameworks */ = {
			isa = PBXFrameworksBuildPhase;
			buildActionMask = 2147483647;
			files = (
			);
			runOnlyForDeploymentPostprocessing = 0;
		};
		C0A928781D3B80740092C810 /* Frameworks */ = {
			isa = PBXFrameworksBuildPhase;
			buildActionMask = 2147483647;
			files = (
			);
			runOnlyForDeploymentPostprocessing = 0;
		};
/* End PBXFrameworksBuildPhase section */

/* Begin PBXGroup section */
		C0A9284E1D3B80740092C810 = {
			isa = PBXGroup;
			children = (
				C0A928591D3B80740092C810 /* doumiao */,
				C0A928731D3B80740092C810 /* doumiaoTests */,
				C0A9287E1D3B80740092C810 /* doumiaoUITests */,
				C0A928581D3B80740092C810 /* Products */,
			);
			sourceTree = "<group>";
		};
		C0A928581D3B80740092C810 /* Products */ = {
			isa = PBXGroup;
			children = (
				C0A928571D3B80740092C810 /* doumiao.app */,
				C0A928701D3B80740092C810 /* doumiaoTests.xctest */,
				C0A9287B1D3B80740092C810 /* doumiaoUITests.xctest */,
			);
			name = Products;
			sourceTree = "<group>";
		};
		C0A928591D3B80740092C810 /* doumiao */ = {
			isa = PBXGroup;
			children = (
				C0A9285D1D3B80740092C810 /* AppDelegate.h */,
				C0A9285E1D3B80740092C810 /* AppDelegate.m */,
				C0A928601D3B80740092C810 /* ViewController.h */,
				C0A928611D3B80740092C810 /* ViewController.m */,
				C0A928631D3B80740092C810 /* Main.storyboard */,
				C0A928661D3B80740092C810 /* Assets.xcassets */,
				C0A928681D3B80740092C810 /* LaunchScreen.storyboard */,
				C0A9286B1D3B80740092C810 /* Info.plist */,
				C0A9285A1D3B80740092C810 /* Supporting Files */,
			);
			path = doumiao;
			sourceTree = "<group>";
		};
		C0A9285A1D3B80740092C810 /* Supporting Files */ = {
			isa = PBXGroup;
			children = (
				C0A9285B1D3B80740092C810 /* main.m */,
			);
			name = "Supporting Files";
			sourceTree = "<group>";
		};
		C0A928731D3B80740092C810 /* doumiaoTests */ = {
			isa = PBXGroup;
			children = (
				C0A928741D3B80740092C810 /* doumiaoTests.m */,
				C0A928761D3B80740092C810 /* Info.plist */,
			);
			path = doumiaoTests;
			sourceTree = "<group>";
		};
		C0A9287E1D3B80740092C810 /* doumiaoUITests */ = {
			isa = PBXGroup;
			children = (
				C0A9287F1D3B80740092C810 /* doumiaoUITests.m */,
				C0A928811D3B80740092C810 /* Info.plist */,
			);
			path = doumiaoUITests;
			sourceTree = "<group>";
		};
/* End PBXGroup section */

/* Begin PBXNativeTarget section */
		C0A928561D3B80740092C810 /* doumiao */ = {
			isa = PBXNativeTarget;
			buildConfigurationList = C0A928841D3B80740092C810 /* Build configuration list for PBXNativeTarget "doumiao" */;
			buildPhases = (
				C0A928531D3B80740092C810 /* Sources */,
				C0A928541D3B80740092C810 /* Frameworks */,
				C0A928551D3B80740092C810 /* Resources */,
			);
			buildRules = (
			);
			dependencies = (
			);
			name = doumiao;
			productName = doumiao;
			productReference = C0A928571D3B80740092C810 /* doumiao.app */;
			productType = "com.apple.product-type.application";
		};
		C0A9286F1D3B80740092C810 /* doumiaoTests */ = {
			isa = PBXNativeTarget;
			buildConfigurationList = C0A928871D3B80740092C810 /* Build configuration list for PBXNativeTarget "doumiaoTests" */;
			buildPhases = (
				C0A9286C1D3B80740092C810 /* Sources */,
				C0A9286D1D3B80740092C810 /* Frameworks */,
				C0A9286E1D3B80740092C810 /* Resources */,
			);
			buildRules = (
			);
			dependencies = (
				C0A928721D3B80740092C810 /* PBXTargetDependency */,
			);
			name = doumiaoTests;
			productName = doumiaoTests;
			productReference = C0A928701D3B80740092C810 /* doumiaoTests.xctest */;
			productType = "com.apple.product-type.bundle.unit-test";
		};
		C0A9287A1D3B80740092C810 /* doumiaoUITests */ = {
			isa = PBXNativeTarget;
			buildConfigurationList = C0A9288A1D3B80740092C810 /* Build configuration list for PBXNativeTarget "doumiaoUITests" */;
			buildPhases = (
				C0A928771D3B80740092C810 /* Sources */,
				C0A928781D3B80740092C810 /* Frameworks */,
				C0A928791D3B80740092C810 /* Resources */,
			);
			buildRules = (
			);
			dependencies = (
				C0A9287D1D3B80740092C810 /* PBXTargetDependency */,
			);
			name = doumiaoUITests;
			productName = doumiaoUITests;
			productReference = C0A9287B1D3B80740092C810 /* doumiaoUITests.xctest */;
			productType = "com.apple.product-type.bundle.ui-testing";
		};
/* End PBXNativeTarget section */

/* Begin PBXProject section */
		C0A9284F1D3B80740092C810 /* Project object */ = {
			isa = PBXProject;
			attributes = {
				LastUpgradeCheck = 0730;
				ORGANIZATIONNAME = wxn;
				TargetAttributes = {
					C0A928561D3B80740092C810 = {
						CreatedOnToolsVersion = 7.3;
					};
					C0A9286F1D3B80740092C810 = {
						CreatedOnToolsVersion = 7.3;
						TestTargetID = C0A928561D3B80740092C810;
					};
					C0A9287A1D3B80740092C810 = {
						CreatedOnToolsVersion = 7.3;
						TestTargetID = C0A928561D3B80740092C810;
					};
				};
			};
			buildConfigurationList = C0A928521D3B80740092C810 /* Build configuration list for PBXProject "doumiao" */;
			compatibilityVersion = "Xcode 3.2";
			developmentRegion = English;
			hasScannedForEncodings = 0;
			knownRegions = (
				en,
				Base,
			);
			mainGroup = C0A9284E1D3B80740092C810;
			productRefGroup = C0A928581D3B80740092C810 /* Products */;
			projectDirPath = "";
			projectRoot = "";
			targets = (
				C0A928561D3B80740092C810 /* doumiao */,
				C0A9286F1D3B80740092C810 /* doumiaoTests */,
				C0A9287A1D3B80740092C810 /* doumiaoUITests */,
			);
		};
/* End PBXProject section */

/* Begin PBXResourcesBuildPhase section */
		C0A928551D3B80740092C810 /* Resources */ = {
			isa = PBXResourcesBuildPhase;
			buildActionMask = 2147483647;
			files = (
				C0A9286A1D3B80740092C810 /* LaunchScreen.storyboard in Resources */,
				C0A928671D3B80740092C810 /* Assets.xcassets in Resources */,
				C0A928651D3B80740092C810 /* Main.storyboard in Resources */,
			);
			runOnlyForDeploymentPostprocessing = 0;
		};
		C0A9286E1D3B80740092C810 /* Resources */ = {
			isa = PBXResourcesBuildPhase;
			buildActionMask = 2147483647;
			files = (
			);
			runOnlyForDeploymentPostprocessing = 0;
		};
		C0A928791D3B80740092C810 /* Resources */ = {
			isa = PBXResourcesBuildPhase;
			buildActionMask = 2147483647;
			files = (
			);
			runOnlyForDeploymentPostprocessing = 0;
		};
/* End PBXResourcesBuildPhase section */

/* Begin PBXSourcesBuildPhase section */
		C0A928531D3B80740092C810 /* Sources */ = {
			isa = PBXSourcesBuildPhase;
			buildActionMask = 2147483647;
			files = (
				C0A928621D3B80740092C810 /* ViewController.m in Sources */,
				C0A9285F1D3B80740092C810 /* AppDelegate.m in Sources */,
				C0A9285C1D3B80740092C810 /* main.m in Sources */,
			);
			runOnlyForDeploymentPostprocessing = 0;
		};
		C0A9286C1D3B80740092C810 /* Sources */ = {
			isa = PBXSourcesBuildPhase;
			buildActionMask = 2147483647;
			files = (
				C0A928751D3B80740092C810 /* doumiaoTests.m in Sources */,
			);
			runOnlyForDeploymentPostprocessing = 0;
		};
		C0A928771D3B80740092C810 /* Sources */ = {
			isa = PBXSourcesBuildPhase;
			buildActionMask = 2147483647;
			files = (
				C0A928801D3B80740092C810 /* doumiaoUITests.m in Sources */,
			);
			runOnlyForDeploymentPostprocessing = 0;
		};
/* End PBXSourcesBuildPhase section */

/* Begin PBXTargetDependency section */
		C0A928721D3B80740092C810 /* PBXTargetDependency */ = {
			isa = PBXTargetDependency;
			target = C0A928561D3B80740092C810 /* doumiao */;
			targetProxy = C0A928711D3B80740092C810 /* PBXContainerItemProxy */;
		};
		C0A9287D1D3B80740092C810 /* PBXTargetDependency */ = {
			isa = PBXTargetDependency;
			target = C0A928561D3B80740092C810 /* doumiao */;
			targetProxy = C0A9287C1D3B80740092C810 /* PBXContainerItemProxy */;
		};
/* End PBXTargetDependency section */

/* Begin PBXVariantGroup section */
		C0A928631D3B80740092C810 /* Main.storyboard */ = {
			isa = PBXVariantGroup;
			children = (
				C0A928641D3B80740092C810 /* Base */,
			);
			name = Main.storyboard;
			sourceTree = "<group>";
		};
		C0A928681D3B80740092C810 /* LaunchScreen.storyboard */ = {
			isa = PBXVariantGroup;
			children = (
				C0A928691D3B80740092C810 /* Base */,
			);
			name = LaunchScreen.storyboard;
			sourceTree = "<group>";
		};
/* End PBXVariantGroup section */

/* Begin XCBuildConfiguration section */
		C0A928821D3B80740092C810 /* Debug */ = {
			isa = XCBuildConfiguration;
			buildSettings = {
				ALWAYS_SEARCH_USER_PATHS = NO;
				CLANG_ANALYZER_NONNULL = YES;
				CLANG_CXX_LANGUAGE_STANDARD = "gnu++0x";
				CLANG_CXX_LIBRARY = "libc++";
				CLANG_ENABLE_MODULES = YES;
				CLANG_ENABLE_OBJC_ARC = YES;
				CLANG_WARN_BOOL_CONVERSION = YES;
				CLANG_WARN_CONSTANT_CONVERSION = YES;
				CLANG_WARN_DIRECT_OBJC_ISA_USAGE = YES_ERROR;
				CLANG_WARN_EMPTY_BODY = YES;
				CLANG_WARN_ENUM_CONVERSION = YES;
				CLANG_WARN_INT_CONVERSION = YES;
				CLANG_WARN_OBJC_ROOT_CLASS = YES_ERROR;
				CLANG_WARN_UNREACHABLE_CODE = YES;
				CLANG_WARN__DUPLICATE_METHOD_MATCH = YES;
				"CODE_SIGN_IDENTITY[sdk=iphoneos*]" = "iPhone Developer";
				COPY_PHASE_STRIP = NO;
				DEBUG_INFORMATION_FORMAT = dwarf;
				ENABLE_STRICT_OBJC_MSGSEND = YES;
				ENABLE_TESTABILITY = YES;
				GCC_C_LANGUAGE_STANDARD = gnu99;
				GCC_DYNAMIC_NO_PIC = NO;
				GCC_NO_COMMON_BLOCKS = YES;
				GCC_OPTIMIZATION_LEVEL = 0;
				GCC_PREPROCESSOR_DEFINITIONS = (
					"DEBUG=1",
					"$(inherited)",
				);
				GCC_WARN_64_TO_32_BIT_CONVERSION = YES;
				GCC_WARN_ABOUT_RETURN_TYPE = YES_ERROR;
				GCC_WARN_UNDECLARED_SELECTOR = YES;
				GCC_WARN_UNINITIALIZED_AUTOS = YES_AGGRESSIVE;
				GCC_WARN_UNUSED_FUNCTION = YES;
				GCC_WARN_UNUSED_VARIABLE = YES;
				IPHONEOS_DEPLOYMENT_TARGET = 9.3;
				MTL_ENABLE_DEBUG_INFO = YES;
				ONLY_ACTIVE_ARCH = YES;
				SDKROOT = iphoneos;
			};
			name = Debug;
		};
		C0A928831D3B80740092C810 /* Release */ = {
			isa = XCBuildConfiguration;
			buildSettings = {
				ALWAYS_SEARCH_USER_PATHS = NO;
				CLANG_ANALYZER_NONNULL = YES;
				CLANG_CXX_LANGUAGE_STANDARD = "gnu++0x";
				CLANG_CXX_LIBRARY = "libc++";
				CLANG_ENABLE_MODULES = YES;
				CLANG_ENABLE_OBJC_ARC = YES;
				CLANG_WARN_BOOL_CONVERSION = YES;
				CLANG_WARN_CONSTANT_CONVERSION = YES;
				CLANG_WARN_DIRECT_OBJC_ISA_USAGE = YES_ERROR;
				CLANG_WARN_EMPTY_BODY = YES;
				CLANG_WARN_ENUM_CONVERSION = YES;
				CLANG_WARN_INT_CONVERSION = YES;
				CLANG_WARN_OBJC_ROOT_CLASS = YES_ERROR;
				CLANG_WARN_UNREACHABLE_CODE = YES;
				CLANG_WARN__DUPLICATE_METHOD_MATCH = YES;
				"CODE_SIGN_IDENTITY[sdk=iphoneos*]" = "iPhone Developer";
				COPY_PHASE_STRIP = NO;
				DEBUG_INFORMATION_FORMAT = "dwarf-with-dsym";
				ENABLE_NS_ASSERTIONS = NO;
				ENABLE_STRICT_OBJC_MSGSEND = YES;
				GCC_C_LANGUAGE_STANDARD = gnu99;
				GCC_NO_COMMON_BLOCKS = YES;
				GCC_WARN_64_TO_32_BIT_CONVERSION = YES;
				GCC_WARN_ABOUT_RETURN_TYPE = YES_ERROR;
				GCC_WARN_UNDECLARED_SELECTOR = YES;
				GCC_WARN_UNINITIALIZED_AUTOS = YES_AGGRESSIVE;
				GCC_WARN_UNUSED_FUNCTION = YES;
				GCC_WARN_UNUSED_VARIABLE = YES;
				IPHONEOS_DEPLOYMENT_TARGET = 9.3;
				MTL_ENABLE_DEBUG_INFO = NO;
				SDKROOT = iphoneos;
				VALIDATE_PRODUCT = YES;
			};
			name = Release;
		};
		C0A928851D3B80740092C810 /* Debug */ = {
			isa = XCBuildConfiguration;
			buildSettings = {
				ASSETCATALOG_COMPILER_APPICON_NAME = AppIcon;
				INFOPLIST_FILE = doumiao/Info.plist;
				LD_RUNPATH_SEARCH_PATHS = "$(inherited) @executable_path/Frameworks";
				PRODUCT_BUNDLE_IDENTIFIER = wxn.doumiao;
				PRODUCT_NAME = "$(TARGET_NAME)";
			};
			name = Debug;
		};
		C0A928861D3B80740092C810 /* Release */ = {
			isa = XCBuildConfiguration;
			buildSettings = {
				ASSETCATALOG_COMPILER_APPICON_NAME = AppIcon;
				INFOPLIST_FILE = doumiao/Info.plist;
				LD_RUNPATH_SEARCH_PATHS = "$(inherited) @executable_path/Frameworks";
				PRODUCT_BUNDLE_IDENTIFIER = wxn.doumiao;
				PRODUCT_NAME = "$(TARGET_NAME)";
			};
			name = Release;
		};
		C0A928881D3B80740092C810 /* Debug */ = {
			isa = XCBuildConfiguration;
			buildSettings = {
				BUNDLE_LOADER = "$(TEST_HOST)";
				INFOPLIST_FILE = doumiaoTests/Info.plist;
				LD_RUNPATH_SEARCH_PATHS = "$(inherited) @executable_path/Frameworks @loader_path/Frameworks";
				PRODUCT_BUNDLE_IDENTIFIER = wxn.doumiaoTests;
				PRODUCT_NAME = "$(TARGET_NAME)";
				TEST_HOST = "$(BUILT_PRODUCTS_DIR)/doumiao.app/doumiao";
			};
			name = Debug;
		};
		C0A928891D3B80740092C810 /* Release */ = {
			isa = XCBuildConfiguration;
			buildSettings = {
				BUNDLE_LOADER = "$(TEST_HOST)";
				INFOPLIST_FILE = doumiaoTests/Info.plist;
				LD_RUNPATH_SEARCH_PATHS = "$(inherited) @executable_path/Frameworks @loader_path/Frameworks";
				PRODUCT_BUNDLE_IDENTIFIER = wxn.doumiaoTests;
				PRODUCT_NAME = "$(TARGET_NAME)";
				TEST_HOST = "$(BUILT_PRODUCTS_DIR)/doumiao.app/doumiao";
			};
			name = Release;
		};
		C0A9288B1D3B80740092C810 /* Debug */ = {
			isa = XCBuildConfiguration;
			buildSettings = {
				INFOPLIST_FILE = doumiaoUITests/Info.plist;
				LD_RUNPATH_SEARCH_PATHS = "$(inherited) @executable_path/Frameworks @loader_path/Frameworks";
				PRODUCT_BUNDLE_IDENTIFIER = wxn.doumiaoUITests;
				PRODUCT_NAME = "$(TARGET_NAME)";
				TEST_TARGET_NAME = doumiao;
			};
			name = Debug;
		};
		C0A9288C1D3B80740092C810 /* Release */ = {
			isa = XCBuildConfiguration;
			buildSettings = {
				INFOPLIST_FILE = doumiaoUITests/Info.plist;
				LD_RUNPATH_SEARCH_PATHS = "$(inherited) @executable_path/Frameworks @loader_path/Frameworks";
				PRODUCT_BUNDLE_IDENTIFIER = wxn.doumiaoUITests;
				PRODUCT_NAME = "$(TARGET_NAME)";
				TEST_TARGET_NAME = doumiao;
			};
			name = Release;
		};
/* End XCBuildConfiguration section */

/* Begin XCConfigurationList section */
		C0A928521D3B80740092C810 /* Build configuration list for PBXProject "doumiao" */ = {
			isa = XCConfigurationList;
			buildConfigurations = (
				C0A928821D3B80740092C810 /* Debug */,
				C0A928831D3B80740092C810 /* Release */,
			);
			defaultConfigurationIsVisible = 0;
			defaultConfigurationName = Release;
		};
		C0A928841D3B80740092C810 /* Build configuration list for PBXNativeTarget "doumiao" */ = {
			isa = XCConfigurationList;
			buildConfigurations = (
				C0A928851D3B80740092C810 /* Debug */,
				C0A928861D3B80740092C810 /* Release */,
			);
			defaultConfigurationIsVisible = 0;
		};
		C0A928871D3B80740092C810 /* Build configuration list for PBXNativeTarget "doumiaoTests" */ = {
			isa = XCConfigurationList;
			buildConfigurations = (
				C0A928881D3B80740092C810 /* Debug */,
				C0A928891D3B80740092C810 /* Release */,
			);
			defaultConfigurationIsVisible = 0;
		};
		C0A9288A1D3B80740092C810 /* Build configuration list for PBXNativeTarget "doumiaoUITests" */ = {
			isa = XCConfigurationList;
			buildConfigurations = (
				C0A9288B1D3B80740092C810 /* Debug */,
				C0A9288C1D3B80740092C810 /* Release */,
			);
			defaultConfigurationIsVisible = 0;
		};
/* End XCConfigurationList section */
	};
	rootObject = C0A9284F1D3B80740092C810 /* Project object */;
}
